
Microsoft Visual Studio Solution File, Format Version 12.00
# Visual Studio 15
VisualStudioVersion = 15.0.28307.1022
MinimumVisualStudioVersion = 10.0.40219.1
Project("{E24C65DC-7377-472B-9ABA-BC803B73C61A}") = "wfAlbum", "wfAlbum\", "{8C9C3133-C072-473D-B6B1-69000F446800}"
	ProjectSection(WebsiteProperties) = preProject
		TargetFrameworkMoniker = ".NETFramework,Version%3Dv4.5.2"
		ProjectReferences = "{22e95618-99cc-4979-98fe-e67eae21074e}|Datos.dll;{2db65e07-dbb9-4825-bb10-8a53789df358}|Entidades.dll;"
		Debug.AspNetCompiler.VirtualPath = "/localhost_55535"
		Debug.AspNetCompiler.PhysicalPath = "wfAlbum\"
		Debug.AspNetCompiler.TargetPath = "PrecompiledWeb\localhost_55535\"
		Debug.AspNetCompiler.Updateable = "true"
		Debug.AspNetCompiler.ForceOverwrite = "true"
		Debug.AspNetCompiler.FixedNames = "false"
		Debug.AspNetCompiler.Debug = "True"
		Release.AspNetCompiler.VirtualPath = "/localhost_55535"
		Release.AspNetCompiler.PhysicalPath = "wfAlbum\"
		Release.AspNetCompiler.TargetPath = "PrecompiledWeb\localhost_55535\"
		Release.AspNetCompiler.Updateable = "true"
		Release.AspNetCompiler.ForceOverwrite = "true"
		Release.AspNetCompiler.FixedNames = "false"
		Release.AspNetCompiler.Debug = "False"
		VWDPort = "55535"
		SlnRelativePath = "wfAlbum\"
		DefaultWebSiteLanguage = "Visual C#"
	EndProjectSection
EndProject
Project("{2150E333-8FDC-42A3-9474-1A3956D46DE8}") = "Datos", "Datos", "{DA0905EF-3277-4EBD-82DB-836DBB034CC5}"
EndProject
Project("{FAE04EC0-301F-11D3-BF4B-00C04F79EFBC}") = "Datos", "Datos\Datos.csproj", "{22E95618-99CC-4979-98FE-E67EAE21074E}"
EndProject
Project("{2150E333-8FDC-42A3-9474-1A3956D46DE8}") = "Entidades", "Entidades", "{AB3B0D11-47EE-4A3A-88A1-9402309F43E0}"
EndProject
Project("{FAE04EC0-301F-11D3-BF4B-00C04F79EFBC}") = "Entidades", "Entidades\Entidades.csproj", "{2DB65E07-DBB9-4825-BB10-8A53789DF358}"
EndProject
Global
	GlobalSection(SolutionConfigurationPlatforms) = preSolution
		Debug|Any CPU = Debug|Any CPU
		Release|Any CPU = Release|Any CPU
	EndGlobalSection
	GlobalSection(ProjectConfigurationPlatforms) = postSolution
		{8C9C3133-C072-473D-B6B1-69000F446800}.Debug|Any CPU.ActiveCfg = Debug|Any CPU
		{8C9C3133-C072-473D-B6B1-69000F446800}.Debug|Any CPU.Build.0 = Debug|Any CPU
		{8C9C3133-C072-473D-B6B1-69000F446800}.Release|Any CPU.ActiveCfg = Debug|Any CPU
		{8C9C3133-C072-473D-B6B1-69000F446800}.Release|Any CPU.Build.0 = Debug|Any CPU
		{22E95618-99CC-4979-98FE-E67EAE21074E}.Debug|Any CPU.ActiveCfg = Debug|Any CPU
		{22E95618-99CC-4979-98FE-E67EAE21074E}.Debug|Any CPU.Build.0 = Debug|Any CPU
		{22E95618-99CC-4979-98FE-E67EAE21074E}.Release|Any CPU.ActiveCfg = Release|Any CPU
		{22E95618-99CC-4979-98FE-E67EAE21074E}.Release|Any CPU.Build.0 = Release|Any CPU
		{2DB65E07-DBB9-4825-BB10-8A53789DF358}.Debug|Any CPU.ActiveCfg = Debug|Any CPU
		{2DB65E07-DBB9-4825-BB10-8A53789DF358}.Debug|Any CPU.Build.0 = Debug|Any CPU
		{2DB65E07-DBB9-4825-BB10-8A53789DF358}.Release|Any CPU.ActiveCfg = Release|Any CPU
		{2DB65E07-DBB9-4825-BB10-8A53789DF358}.Release|Any CPU.Build.0 = Release|Any CPU
	EndGlobalSection
	GlobalSection(SolutionProperties) = preSolution
		HideSolutionNode = FALSE
	EndGlobalSection
	GlobalSection(NestedProjects) = preSolution
		{22E95618-99CC-4979-98FE-E67EAE21074E} = {DA0905EF-3277-4EBD-82DB-836DBB034CC5}
		{2DB65E07-DBB9-4825-BB10-8A53789DF358} = {AB3B0D11-47EE-4A3A-88A1-9402309F43E0}
	EndGlobalSection
	GlobalSection(ExtensibilityGlobals) = postSolution
		SolutionGuid = {A381E321-A091-402A-8A12-F9AEAEC59030}
	EndGlobalSection
EndGlobal
